PODS:
  - SimButton (1.0.0):
    - SimPodsPublic (~> 1.0.0)
  - SimPodsPublic (1.0.0)

DEPENDENCIES:
  - SimButton (from `../SimButton.podspec`)

EXTERNAL SOURCES:
  SimButton:
    :podspec: ../SimButton.podspec

SPEC CHECKSUMS:
  SimButton: e5510d8607d9187ea4d70d2b0d59242cf8150eb0
  SimPodsPublic: 67393f15e81059b8bd636ed7d83f30d5b0ba493b

COCOAPODS: 0.39.0
